
Microsoft Visual Studio Solution File, Format Version 12.00
Project("{FAE04EC0-301F-11D3-BF4B-00C04F79EFBC}") = "Calculator", "Calculator\Calculator.csproj", "{610AA0E7-1C8A-4D0E-8C34-F5BC581AB6B9}"
EndProject
Project("{FAE04EC0-301F-11D3-BF4B-00C04F79EFBC}") = "CalculatorTest", "CalculatorTest\CalculatorTest.csproj", "{9DFD6919-4912-4B47-9B37-87263A66CCA5}"
EndProject
Global
	GlobalSection(SolutionConfigurationPlatforms) = preSolution
		Debug|Any CPU = Debug|Any CPU
		Release|Any CPU = Release|Any CPU
	EndGlobalSection
	GlobalSection(ProjectConfigurationPlatforms) = postSolution
		{610AA0E7-1C8A-4D0E-8C34-F5BC581AB6B9}.Debug|Any CPU.ActiveCfg = Debug|Any CPU
		{610AA0E7-1C8A-4D0E-8C34-F5BC581AB6B9}.Debug|Any CPU.Build.0 = Debug|Any CPU
		{610AA0E7-1C8A-4D0E-8C34-F5BC581AB6B9}.Release|Any CPU.ActiveCfg = Release|Any CPU
		{610AA0E7-1C8A-4D0E-8C34-F5BC581AB6B9}.Release|Any CPU.Build.0 = Release|Any CPU
		{9DFD6919-4912-4B47-9B37-87263A66CCA5}.Debug|Any CPU.ActiveCfg = Debug|Any CPU
		{9DFD6919-4912-4B47-9B37-87263A66CCA5}.Debug|Any CPU.Build.0 = Debug|Any CPU
		{9DFD6919-4912-4B47-9B37-87263A66CCA5}.Release|Any CPU.ActiveCfg = Release|Any CPU
		{9DFD6919-4912-4B47-9B37-87263A66CCA5}.Release|Any CPU.Build.0 = Release|Any CPU
	EndGlobalSection
EndGlobal
